PODS:
  - Firebase/Auth (7.3.0):
    - Firebase/CoreOnly
    - FirebaseAuth (~> 7.3.0)
  - Firebase/CoreOnly (7.3.0):
    - FirebaseCore (= 7.3.0)
  - firebase_auth (1.0.3):
    - Firebase/Auth (= 7.3.0)
    - firebase_core
    - Flutter
  - firebase_core (1.0.3):
    - Firebase/CoreOnly (= 7.3.0)
    - Flutter
  - FirebaseAuth (7.3.0):
    - FirebaseCore (~> 7.0)
    - GoogleUtilities/AppDelegateSwizzler (~> 7.0)
    - GoogleUtilities/Environment (~> 7.0)
    - GTMSessionFetcher/Core (~> 1.4)
  - FirebaseCore (7.3.0):
    - FirebaseCoreDiagnostics (~> 7.0)
    - GoogleUtilities/Environment (~> 7.0)
    - GoogleUtilities/Logger (~> 7.0)
  - FirebaseCoreDiagnostics (7.11.0):
    - GoogleDataTransport (~> 8.4)
    - GoogleUtilities/Environment (~> 7.0)
    - GoogleUtilities/Logger (~> 7.0)
    - nanopb (~> 2.30908.0)
  - Flutter (1.0.0)
  - google_maps_flutter (0.0.1):
    - Flutter
    - GoogleMaps (< 3.10)
  - GoogleDataTransport (8.4.0):
    - GoogleUtilities/Environment (~> 7.2)
    - nanopb (~> 2.30908.0)
    - PromisesObjC (~> 1.2)
  - GoogleMaps (3.9.0):
    - GoogleMaps/Maps (= 3.9.0)
  - GoogleMaps/Base (3.9.0)
  - GoogleMaps/Maps (3.9.0):
    - GoogleMaps/Base
  - GoogleUtilities/AppDelegateSwizzler (7.4.0):
    - GoogleUtilities/Environment
    - GoogleUtilities/Logger
    - GoogleUtilities/Network
  - GoogleUtilities/Environment (7.4.0):
    - PromisesObjC (~> 1.2)
  - GoogleUtilities/Logger (7.4.0):
    - GoogleUtilities/Environment
  - GoogleUtilities/Network (7.4.0):
    - GoogleUtilities/Logger
    - "GoogleUtilities/NSData+zlib"
    - GoogleUtilities/Reachability
  - "GoogleUtilities/NSData+zlib (7.4.0)"
  - GoogleUtilities/Reachability (7.4.0):
    - GoogleUtilities/Logger
  - GTMSessionFetcher/Core (1.5.0)
  - integration_test (0.0.1):
    - Flutter
  - nanopb (2.30908.0):
    - nanopb/decode (= 2.30908.0)
    - nanopb/encode (= 2.30908.0)
  - nanopb/decode (2.30908.0)
  - nanopb/encode (2.30908.0)
  - PromisesObjC (1.2.12)

DEPENDENCIES:
  - firebase_auth (from `.symlinks/plugins/firebase_auth/ios`)
  - firebase_core (from `.symlinks/plugins/firebase_core/ios`)
  - Flutter (from `Flutter`)
  - google_maps_flutter (from `.symlinks/plugins/google_maps_flutter/ios`)
  - integration_test (from `.symlinks/plugins/integration_test/ios`)

SPEC REPOS:
  trunk:
    - Firebase
    - FirebaseAuth
    - FirebaseCore
    - FirebaseCoreDiagnostics
    - GoogleDataTransport
    - GoogleMaps
    - GoogleUtilities
    - GTMSessionFetcher
    - nanopb
    - PromisesObjC

EXTERNAL SOURCES:
  firebase_auth:
    :path: ".symlinks/plugins/firebase_auth/ios"
  firebase_core:
    :path: ".symlinks/plugins/firebase_core/ios"
  Flutter:
    :path: Flutter
  google_maps_flutter:
    :path: ".symlinks/plugins/google_maps_flutter/ios"
  integration_test:
    :path: ".symlinks/plugins/integration_test/ios"

SPEC CHECKSUMS:
  Firebase: 26223c695fe322633274198cb19dca8cb7e54416
  firebase_auth: c2c27e1081671b02f90981e70dad54722198491f
  firebase_core: b5d81dfd4fb2d6f700e67de34d9a633ae325c4e9
  FirebaseAuth: c224a0cf1afa0949bd5c7bfcf154b4f5ce8ddef2
  FirebaseCore: 4d3c72622ce0e2106aaa07bb4b2935ba2c370972
  FirebaseCoreDiagnostics: 68ad972f99206cef818230f3f3179d52ccfb7f8c
  Flutter: 434fef37c0980e73bb6479ef766c45957d4b510c
  google_maps_flutter: c7f9c73576de1fbe152a227bfd6e6c4ae8088619
  GoogleDataTransport: cd9db2180fcecd8da1b561aea31e3e56cf834aa7
  GoogleMaps: 4b5346bddfe6911bb89155d43c903020170523ac
  GoogleUtilities: 284cddc7fffc14ae1907efb6f78ab95c1fccaedc
  GTMSessionFetcher: b3503b20a988c4e20cc189aa798fd18220133f52
  integration_test: 6eb66a19f7104200dcfdd62bc0077e1b09686e4f
  nanopb: a0ba3315591a9ae0a16a309ee504766e90db0c96
  PromisesObjC: 3113f7f76903778cf4a0586bd1ab89329a0b7b97

PODFILE CHECKSUM: 0cf566a449783f671cb42522310dfcf21955ea34

COCOAPODS: 1.10.1
